
Microsoft Visual Studio Solution File, Format Version 12.00
# Visual Studio Version 17
VisualStudioVersion = 17.6.33815.320
MinimumVisualStudioVersion = 10.0.40219.1
Project("{FAE04EC0-301F-11D3-BF4B-00C04F79EFBC}") = "PalkanlaskentaDataMuunnos", "PalkanlaskentaDataMuunnos\PalkanlaskentaDataMuunnos.csproj", "{C03A7F11-D5D5-489A-951F-8B510FBA368B}"
EndProject
Global
	GlobalSection(SolutionConfigurationPlatforms) = preSolution
		Debug|Any CPU = Debug|Any CPU
		Release|Any CPU = Release|Any CPU
	EndGlobalSection
	GlobalSection(ProjectConfigurationPlatforms) = postSolution
		{C03A7F11-D5D5-489A-951F-8B510FBA368B}.Debug|Any CPU.ActiveCfg = Debug|Any CPU
		{C03A7F11-D5D5-489A-951F-8B510FBA368B}.Debug|Any CPU.Build.0 = Debug|Any CPU
		{C03A7F11-D5D5-489A-951F-8B510FBA368B}.Release|Any CPU.ActiveCfg = Release|Any CPU
		{C03A7F11-D5D5-489A-951F-8B510FBA368B}.Release|Any CPU.Build.0 = Release|Any CPU
	EndGlobalSection
	GlobalSection(SolutionProperties) = preSolution
		HideSolutionNode = FALSE
	EndGlobalSection
	GlobalSection(ExtensibilityGlobals) = postSolution
		SolutionGuid = {F5626883-47B3-4224-A3F1-3A9E80503B49}
	EndGlobalSection
EndGlobal
