
Microsoft Visual Studio Solution File, Format Version 12.00
# Visual Studio Version 17
VisualStudioVersion = 17.6.33815.320
MinimumVisualStudioVersion = 10.0.40219.1
Project("{FAE04EC0-301F-11D3-BF4B-00C04F79EFBC}") = "XsltMuunnokset", "XsltMuunnokset\XsltMuunnokset.csproj", "{FD8172BB-D9AA-4F58-B1B1-35DEB605F4A7}"
EndProject
Global
	GlobalSection(SolutionConfigurationPlatforms) = preSolution
		Debug|Any CPU = Debug|Any CPU
		Release|Any CPU = Release|Any CPU
	EndGlobalSection
	GlobalSection(ProjectConfigurationPlatforms) = postSolution
		{FD8172BB-D9AA-4F58-B1B1-35DEB605F4A7}.Debug|Any CPU.ActiveCfg = Debug|Any CPU
		{FD8172BB-D9AA-4F58-B1B1-35DEB605F4A7}.Debug|Any CPU.Build.0 = Debug|Any CPU
		{FD8172BB-D9AA-4F58-B1B1-35DEB605F4A7}.Release|Any CPU.ActiveCfg = Release|Any CPU
		{FD8172BB-D9AA-4F58-B1B1-35DEB605F4A7}.Release|Any CPU.Build.0 = Release|Any CPU
	EndGlobalSection
	GlobalSection(SolutionProperties) = preSolution
		HideSolutionNode = FALSE
	EndGlobalSection
	GlobalSection(ExtensibilityGlobals) = postSolution
		SolutionGuid = {4A87D9EC-28F8-4EBD-B7CB-4EEA446E6215}
	EndGlobalSection
EndGlobal
