
Microsoft Visual Studio Solution File, Format Version 12.00
# Visual Studio Version 17
VisualStudioVersion = 17.6.33815.320
MinimumVisualStudioVersion = 10.0.40219.1
Project("{9A19103F-16F7-4668-BE54-9A1E7A4F7556}") = "EntityFrameworkWebApi", "EntityFrameworkWebApi.csproj", "{D6E2166F-5181-4B67-8B4C-B6A0BE8A0E04}"
EndProject
Global
	GlobalSection(SolutionConfigurationPlatforms) = preSolution
		Debug|Any CPU = Debug|Any CPU
		Release|Any CPU = Release|Any CPU
	EndGlobalSection
	GlobalSection(ProjectConfigurationPlatforms) = postSolution
		{D6E2166F-5181-4B67-8B4C-B6A0BE8A0E04}.Debug|Any CPU.ActiveCfg = Debug|Any CPU
		{D6E2166F-5181-4B67-8B4C-B6A0BE8A0E04}.Debug|Any CPU.Build.0 = Debug|Any CPU
		{D6E2166F-5181-4B67-8B4C-B6A0BE8A0E04}.Release|Any CPU.ActiveCfg = Release|Any CPU
		{D6E2166F-5181-4B67-8B4C-B6A0BE8A0E04}.Release|Any CPU.Build.0 = Release|Any CPU
	EndGlobalSection
	GlobalSection(SolutionProperties) = preSolution
		HideSolutionNode = FALSE
	EndGlobalSection
	GlobalSection(ExtensibilityGlobals) = postSolution
		SolutionGuid = {72F2D3CD-9AC9-4206-8A18-C7774DB55437}
	EndGlobalSection
EndGlobal
