
Microsoft Visual Studio Solution File, Format Version 12.00
# Visual Studio Version 17
VisualStudioVersion = 17.6.33815.320
MinimumVisualStudioVersion = 10.0.40219.1
Project("{FAE04EC0-301F-11D3-BF4B-00C04F79EFBC}") = "LokitusDemo", "LokitusDemo\LokitusDemo.csproj", "{95619048-2E71-45DB-9ECD-A17BFD5FFE05}"
EndProject
Global
	GlobalSection(SolutionConfigurationPlatforms) = preSolution
		Debug|Any CPU = Debug|Any CPU
		Release|Any CPU = Release|Any CPU
	EndGlobalSection
	GlobalSection(ProjectConfigurationPlatforms) = postSolution
		{95619048-2E71-45DB-9ECD-A17BFD5FFE05}.Debug|Any CPU.ActiveCfg = Debug|Any CPU
		{95619048-2E71-45DB-9ECD-A17BFD5FFE05}.Debug|Any CPU.Build.0 = Debug|Any CPU
		{95619048-2E71-45DB-9ECD-A17BFD5FFE05}.Release|Any CPU.ActiveCfg = Release|Any CPU
		{95619048-2E71-45DB-9ECD-A17BFD5FFE05}.Release|Any CPU.Build.0 = Release|Any CPU
	EndGlobalSection
	GlobalSection(SolutionProperties) = preSolution
		HideSolutionNode = FALSE
	EndGlobalSection
	GlobalSection(ExtensibilityGlobals) = postSolution
		SolutionGuid = {FBBEE21C-9946-4F0D-90E9-9B03093CFDFB}
	EndGlobalSection
EndGlobal
